
Microsoft Visual Studio Solution File, Format Version 12.00
# Visual Studio Version 17
VisualStudioVersion = 17.7.34031.279
MinimumVisualStudioVersion = 10.0.40219.1
Project("{FAE04EC0-301F-11D3-BF4B-00C04F79EFBC}") = "hello.csharh", "hello.csharh\hello.csharh.csproj", "{2E0055C5-F05E-4981-9AA3-EA1A888CA24A}"
EndProject
Global
	GlobalSection(SolutionConfigurationPlatforms) = preSolution
		Debug|Any CPU = Debug|Any CPU
		Release|Any CPU = Release|Any CPU
	EndGlobalSection
	GlobalSection(ProjectConfigurationPlatforms) = postSolution
		{2E0055C5-F05E-4981-9AA3-EA1A888CA24A}.Debug|Any CPU.ActiveCfg = Debug|Any CPU
		{2E0055C5-F05E-4981-9AA3-EA1A888CA24A}.Debug|Any CPU.Build.0 = Debug|Any CPU
		{2E0055C5-F05E-4981-9AA3-EA1A888CA24A}.Release|Any CPU.ActiveCfg = Release|Any CPU
		{2E0055C5-F05E-4981-9AA3-EA1A888CA24A}.Release|Any CPU.Build.0 = Release|Any CPU
	EndGlobalSection
	GlobalSection(SolutionProperties) = preSolution
		HideSolutionNode = FALSE
	EndGlobalSection
	GlobalSection(ExtensibilityGlobals) = postSolution
		SolutionGuid = {697294FE-C0BA-4429-9253-668CB6650C31}
	EndGlobalSection
EndGlobal
